Microsoft Visual Studio Solution File, Format Version 9.00
# Visual Studio 2005
Project("{FAE04EC0-301F-11D3-BF4B-00C04F79EFBC}") = "BusinessObjects", "BusinessObjects\BusinessObjects.csproj", "{6B10C452-21BE-463C-83EE-2367ED0A5113}"
EndProject
Project("{FAE04EC0-301F-11D3-BF4B-00C04F79EFBC}") = "Common", "Common\Common.csproj", "{ABD39750-227A-44D2-9469-00B1308A31B9}"
EndProject
Project("{E24C65DC-7377-472B-9ABA-BC803B73C61A}") = "http://localhost/FieldINformer2008_AS2000/UI.Web/", "http://localhost/FieldINformer2008_AS2000/UI.Web", "{25997E31-C4D3-4D43-AF24-E8CA9831F180}"
	ProjectSection(WebsiteProperties) = preProject
		ProjectReferences = "{ABD39750-227A-44D2-9469-00B1308A31B9}|FI.Common.dll;{6B10C452-21BE-463C-83EE-2367ED0A5113}|FI.BusinessObjects.dll;"
		Debug.AspNetCompiler.VirtualPath = "/web"
		Debug.AspNetCompiler.PhysicalPath = "UI.Web\"
		Debug.AspNetCompiler.TargetPath = "_install\web\"
		Debug.AspNetCompiler.Updateable = "true"
		Debug.AspNetCompiler.ForceOverwrite = "true"
		Debug.AspNetCompiler.FixedNames = "false"
		Debug.AspNetCompiler.Debug = "True"
		Release.AspNetCompiler.VirtualPath = "/web"
		Release.AspNetCompiler.PhysicalPath = "UI.Web\"
		Release.AspNetCompiler.TargetPath = "_install\web\"
		Release.AspNetCompiler.Updateable = "true"
		Release.AspNetCompiler.ForceOverwrite = "true"
		Release.AspNetCompiler.FixedNames = "false"
		Release.AspNetCompiler.Debug = "False"
		SlnRelativePath = "UI.Web\"
	EndProjectSection
EndProject
Global
	GlobalSection(SolutionConfigurationPlatforms) = preSolution
		Debug|.NET = Debug|.NET
		Debug|Any CPU = Debug|Any CPU
		Debug|Mixed Platforms = Debug|Mixed Platforms
		Release|.NET = Release|.NET
		Release|Any CPU = Release|Any CPU
		Release|Mixed Platforms = Release|Mixed Platforms
	EndGlobalSection
	GlobalSection(ProjectConfigurationPlatforms) = postSolution
		{6B10C452-21BE-463C-83EE-2367ED0A5113}.Debug|.NET.ActiveCfg = Debug|Any CPU
		{6B10C452-21BE-463C-83EE-2367ED0A5113}.Debug|Any CPU.ActiveCfg = Debug|Any CPU
		{6B10C452-21BE-463C-83EE-2367ED0A5113}.Debug|Any CPU.Build.0 = Debug|Any CPU
		{6B10C452-21BE-463C-83EE-2367ED0A5113}.Debug|Mixed Platforms.ActiveCfg = Debug|Any CPU
		{6B10C452-21BE-463C-83EE-2367ED0A5113}.Debug|Mixed Platforms.Build.0 = Debug|Any CPU
		{6B10C452-21BE-463C-83EE-2367ED0A5113}.Release|.NET.ActiveCfg = Release|Any CPU
		{6B10C452-21BE-463C-83EE-2367ED0A5113}.Release|Any CPU.ActiveCfg = Release|Any CPU
		{6B10C452-21BE-463C-83EE-2367ED0A5113}.Release|Any CPU.Build.0 = Release|Any CPU
		{6B10C452-21BE-463C-83EE-2367ED0A5113}.Release|Mixed Platforms.ActiveCfg = Release|Any CPU
		{6B10C452-21BE-463C-83EE-2367ED0A5113}.Release|Mixed Platforms.Build.0 = Release|Any CPU
		{ABD39750-227A-44D2-9469-00B1308A31B9}.Debug|.NET.ActiveCfg = Debug|Any CPU
		{ABD39750-227A-44D2-9469-00B1308A31B9}.Debug|Any CPU.ActiveCfg = Debug|Any CPU
		{ABD39750-227A-44D2-9469-00B1308A31B9}.Debug|Any CPU.Build.0 = Debug|Any CPU
		{ABD39750-227A-44D2-9469-00B1308A31B9}.Debug|Mixed Platforms.ActiveCfg = Debug|Any CPU
		{ABD39750-227A-44D2-9469-00B1308A31B9}.Debug|Mixed Platforms.Build.0 = Debug|Any CPU
		{ABD39750-227A-44D2-9469-00B1308A31B9}.Release|.NET.ActiveCfg = Release|Any CPU
		{ABD39750-227A-44D2-9469-00B1308A31B9}.Release|Any CPU.ActiveCfg = Release|Any CPU
		{ABD39750-227A-44D2-9469-00B1308A31B9}.Release|Any CPU.Build.0 = Release|Any CPU
		{ABD39750-227A-44D2-9469-00B1308A31B9}.Release|Mixed Platforms.ActiveCfg = Release|Any CPU
		{ABD39750-227A-44D2-9469-00B1308A31B9}.Release|Mixed Platforms.Build.0 = Release|Any CPU
		{25997E31-C4D3-4D43-AF24-E8CA9831F180}.Debug|.NET.ActiveCfg = Debug|.NET
		{25997E31-C4D3-4D43-AF24-E8CA9831F180}.Debug|.NET.Build.0 = Debug|.NET
		{25997E31-C4D3-4D43-AF24-E8CA9831F180}.Debug|Any CPU.ActiveCfg = Debug|.NET
		{25997E31-C4D3-4D43-AF24-E8CA9831F180}.Debug|Mixed Platforms.ActiveCfg = Debug|.NET
		{25997E31-C4D3-4D43-AF24-E8CA9831F180}.Debug|Mixed Platforms.Build.0 = Debug|.NET
		{25997E31-C4D3-4D43-AF24-E8CA9831F180}.Release|.NET.ActiveCfg = Release|.NET
		{25997E31-C4D3-4D43-AF24-E8CA9831F180}.Release|.NET.Build.0 = Release|.NET
		{25997E31-C4D3-4D43-AF24-E8CA9831F180}.Release|Any CPU.ActiveCfg = Release|.NET
		{25997E31-C4D3-4D43-AF24-E8CA9831F180}.Release|Mixed Platforms.ActiveCfg = Release|.NET
		{25997E31-C4D3-4D43-AF24-E8CA9831F180}.Release|Mixed Platforms.Build.0 = Release|.NET
	EndGlobalSection
	GlobalSection(SolutionProperties) = preSolution
		HideSolutionNode = FALSE
	EndGlobalSection
EndGlobal
