Microsoft Visual Studio Solution File, Format Version 9.00
# Visual Studio 2005
Project("{FAE04EC0-301F-11D3-BF4B-00C04F79EFBC}") = "BusinessObjects", "BusinessObjects\BusinessObjects.csproj", "{6B10C452-21BE-463C-83EE-2367ED0A5113}"
	ProjectSection(WebsiteProperties) = preProject
		Debug.AspNetCompiler.Debug = "True"
		Release.AspNetCompiler.Debug = "False"
	EndProjectSection
EndProject
Project("{FAE04EC0-301F-11D3-BF4B-00C04F79EFBC}") = "Common", "Common\Common.csproj", "{ABD39750-227A-44D2-9469-00B1308A31B9}"
	ProjectSection(WebsiteProperties) = preProject
		Debug.AspNetCompiler.Debug = "True"
		Release.AspNetCompiler.Debug = "False"
	EndProjectSection
EndProject
Project("{FAE04EC0-301F-11D3-BF4B-00C04F79EFBC}") = "DataAccess", "DataAccess\DataAccess.csproj", "{BB222519-E24D-46CB-9946-E3573E4BCEAE}"
	ProjectSection(WebsiteProperties) = preProject
		Debug.AspNetCompiler.Debug = "True"
		Release.AspNetCompiler.Debug = "False"
	EndProjectSection
EndProject
Project("{FAE04EC0-301F-11D3-BF4B-00C04F79EFBC}") = "OlapSystem.Management", "OlapSystem.Management\OlapSystem.Management.csproj", "{8DDACAAA-B100-4408-A4CE-4A8219E2ACD9}"
	ProjectSection(WebsiteProperties) = preProject
		Debug.AspNetCompiler.Debug = "True"
		Release.AspNetCompiler.Debug = "False"
	EndProjectSection
EndProject
Project("{FAE04EC0-301F-11D3-BF4B-00C04F79EFBC}") = "OlapSystem.Console", "OlapSystem.Console\OlapSystem.Console.csproj", "{AAAD2099-9FE5-4A30-9B6D-ADB2A7E343B7}"
	ProjectSection(WebsiteProperties) = preProject
		Debug.AspNetCompiler.Debug = "True"
		Release.AspNetCompiler.Debug = "False"
	EndProjectSection
EndProject
Project("{FAE04EC0-301F-11D3-BF4B-00C04F79EFBC}") = "WinServices", "WinServices\WinServices.csproj", "{0F34BB0B-39A5-477C-9D68-AE76CFFF1239}"
	ProjectSection(WebsiteProperties) = preProject
		Debug.AspNetCompiler.Debug = "True"
		Release.AspNetCompiler.Debug = "False"
	EndProjectSection
EndProject
Project("{54435603-DBB4-11D2-8724-00A0C9A8B90C}") = "Setup.Service", "Setup.Service\Setup.Service.vdproj", "{589AF0A6-221C-4C2A-BC84-7348FD59549C}"
	ProjectSection(WebsiteProperties) = preProject
		Debug.AspNetCompiler.Debug = "True"
		Release.AspNetCompiler.Debug = "False"
	EndProjectSection
EndProject
Project("{E24C65DC-7377-472B-9ABA-BC803B73C61A}") = "C:\...\UI.Web\", "UI.Web\", "{E97BAE1A-7D9A-4897-BC49-6513AA9EB091}"
	ProjectSection(WebsiteProperties) = preProject
		Debug.AspNetCompiler.VirtualPath = "/web"
		Debug.AspNetCompiler.PhysicalPath = "UI.Web\"
		Debug.AspNetCompiler.TargetPath = "_install\web\"
		Debug.AspNetCompiler.Updateable = "true"
		Debug.AspNetCompiler.ForceOverwrite = "true"
		Debug.AspNetCompiler.FixedNames = "true"
		Debug.AspNetCompiler.Debug = "True"
		Release.AspNetCompiler.VirtualPath = "/web"
		Release.AspNetCompiler.PhysicalPath = "UI.Web\"
		Release.AspNetCompiler.TargetPath = "_install\web\"
		Release.AspNetCompiler.Updateable = "true"
		Release.AspNetCompiler.ForceOverwrite = "true"
		Release.AspNetCompiler.FixedNames = "true"
		Release.AspNetCompiler.Debug = "False"
		VWDPort = "2367"
		VWDDynamicPort = "false"
		VWDVirtualPath = "/UI.Web"
	EndProjectSection
EndProject
Project("{54435603-DBB4-11D2-8724-00A0C9A8B90C}") = "Setup.Web", "Setup.Web\Setup.Web.vdproj", "{D211E5D4-FC36-4A17-A7B6-8D85FA81B1D6}"
	ProjectSection(WebsiteProperties) = preProject
		Debug.AspNetCompiler.Debug = "True"
		Release.AspNetCompiler.Debug = "False"
	EndProjectSection
EndProject
Project("{2CFEAB61-6A3B-4EB8-B523-560B4BEEF521}") = "UI.Web.Deploy", "UI.Web.Deploy\UI.Web.Deploy.wdproj", "{0074BA50-F926-4EAD-802E-D4ADE106B975}"
	ProjectSection(WebsiteProperties) = preProject
		Debug.AspNetCompiler.Debug = "True"
		Release.AspNetCompiler.Debug = "False"
	EndProjectSection
EndProject
Global
	GlobalSection(SolutionConfigurationPlatforms) = preSolution
		Debug|.NET = Debug|.NET
		Debug|Any CPU = Debug|Any CPU
		Debug|Mixed Platforms = Debug|Mixed Platforms
		Release|.NET = Release|.NET
		Release|Any CPU = Release|Any CPU
		Release|Mixed Platforms = Release|Mixed Platforms
	EndGlobalSection
	GlobalSection(ProjectConfigurationPlatforms) = postSolution
		{6B10C452-21BE-463C-83EE-2367ED0A5113}.Debug|.NET.ActiveCfg = Debug|Any CPU
		{6B10C452-21BE-463C-83EE-2367ED0A5113}.Debug|Any CPU.ActiveCfg = Debug|Any CPU
		{6B10C452-21BE-463C-83EE-2367ED0A5113}.Debug|Any CPU.Build.0 = Debug|Any CPU
		{6B10C452-21BE-463C-83EE-2367ED0A5113}.Debug|Mixed Platforms.ActiveCfg = Debug|Any CPU
		{6B10C452-21BE-463C-83EE-2367ED0A5113}.Debug|Mixed Platforms.Build.0 = Debug|Any CPU
		{6B10C452-21BE-463C-83EE-2367ED0A5113}.Release|.NET.ActiveCfg = Release|Any CPU
		{6B10C452-21BE-463C-83EE-2367ED0A5113}.Release|Any CPU.ActiveCfg = Release|Any CPU
		{6B10C452-21BE-463C-83EE-2367ED0A5113}.Release|Any CPU.Build.0 = Release|Any CPU
		{6B10C452-21BE-463C-83EE-2367ED0A5113}.Release|Mixed Platforms.ActiveCfg = Release|Any CPU
		{6B10C452-21BE-463C-83EE-2367ED0A5113}.Release|Mixed Platforms.Build.0 = Release|Any CPU
		{ABD39750-227A-44D2-9469-00B1308A31B9}.Debug|.NET.ActiveCfg = Debug|Any CPU
		{ABD39750-227A-44D2-9469-00B1308A31B9}.Debug|Any CPU.ActiveCfg = Debug|Any CPU
		{ABD39750-227A-44D2-9469-00B1308A31B9}.Debug|Any CPU.Build.0 = Debug|Any CPU
		{ABD39750-227A-44D2-9469-00B1308A31B9}.Debug|Mixed Platforms.ActiveCfg = Debug|Any CPU
		{ABD39750-227A-44D2-9469-00B1308A31B9}.Debug|Mixed Platforms.Build.0 = Debug|Any CPU
		{ABD39750-227A-44D2-9469-00B1308A31B9}.Release|.NET.ActiveCfg = Release|Any CPU
		{ABD39750-227A-44D2-9469-00B1308A31B9}.Release|Any CPU.ActiveCfg = Release|Any CPU
		{ABD39750-227A-44D2-9469-00B1308A31B9}.Release|Any CPU.Build.0 = Release|Any CPU
		{ABD39750-227A-44D2-9469-00B1308A31B9}.Release|Mixed Platforms.ActiveCfg = Release|Any CPU
		{ABD39750-227A-44D2-9469-00B1308A31B9}.Release|Mixed Platforms.Build.0 = Release|Any CPU
		{BB222519-E24D-46CB-9946-E3573E4BCEAE}.Debug|.NET.ActiveCfg = Debug|Any CPU
		{BB222519-E24D-46CB-9946-E3573E4BCEAE}.Debug|Any CPU.ActiveCfg = Debug|Any CPU
		{BB222519-E24D-46CB-9946-E3573E4BCEAE}.Debug|Any CPU.Build.0 = Debug|Any CPU
		{BB222519-E24D-46CB-9946-E3573E4BCEAE}.Debug|Mixed Platforms.ActiveCfg = Debug|Any CPU
		{BB222519-E24D-46CB-9946-E3573E4BCEAE}.Debug|Mixed Platforms.Build.0 = Debug|Any CPU
		{BB222519-E24D-46CB-9946-E3573E4BCEAE}.Release|.NET.ActiveCfg = Release|Any CPU
		{BB222519-E24D-46CB-9946-E3573E4BCEAE}.Release|Any CPU.ActiveCfg = Release|Any CPU
		{BB222519-E24D-46CB-9946-E3573E4BCEAE}.Release|Any CPU.Build.0 = Release|Any CPU
		{BB222519-E24D-46CB-9946-E3573E4BCEAE}.Release|Mixed Platforms.ActiveCfg = Release|Any CPU
		{BB222519-E24D-46CB-9946-E3573E4BCEAE}.Release|Mixed Platforms.Build.0 = Release|Any CPU
		{8DDACAAA-B100-4408-A4CE-4A8219E2ACD9}.Debug|.NET.ActiveCfg = Debug|Any CPU
		{8DDACAAA-B100-4408-A4CE-4A8219E2ACD9}.Debug|Any CPU.ActiveCfg = Debug|Any CPU
		{8DDACAAA-B100-4408-A4CE-4A8219E2ACD9}.Debug|Any CPU.Build.0 = Debug|Any CPU
		{8DDACAAA-B100-4408-A4CE-4A8219E2ACD9}.Debug|Mixed Platforms.ActiveCfg = Debug|Any CPU
		{8DDACAAA-B100-4408-A4CE-4A8219E2ACD9}.Debug|Mixed Platforms.Build.0 = Debug|Any CPU
		{8DDACAAA-B100-4408-A4CE-4A8219E2ACD9}.Release|.NET.ActiveCfg = Release|Any CPU
		{8DDACAAA-B100-4408-A4CE-4A8219E2ACD9}.Release|Any CPU.ActiveCfg = Release|Any CPU
		{8DDACAAA-B100-4408-A4CE-4A8219E2ACD9}.Release|Any CPU.Build.0 = Release|Any CPU
		{8DDACAAA-B100-4408-A4CE-4A8219E2ACD9}.Release|Mixed Platforms.ActiveCfg = Release|Any CPU
		{8DDACAAA-B100-4408-A4CE-4A8219E2ACD9}.Release|Mixed Platforms.Build.0 = Release|Any CPU
		{AAAD2099-9FE5-4A30-9B6D-ADB2A7E343B7}.Debug|.NET.ActiveCfg = Debug|Any CPU
		{AAAD2099-9FE5-4A30-9B6D-ADB2A7E343B7}.Debug|Any CPU.ActiveCfg = Debug|Any CPU
		{AAAD2099-9FE5-4A30-9B6D-ADB2A7E343B7}.Debug|Any CPU.Build.0 = Debug|Any CPU
		{AAAD2099-9FE5-4A30-9B6D-ADB2A7E343B7}.Debug|Mixed Platforms.ActiveCfg = Debug|Any CPU
		{AAAD2099-9FE5-4A30-9B6D-ADB2A7E343B7}.Debug|Mixed Platforms.Build.0 = Debug|Any CPU
		{AAAD2099-9FE5-4A30-9B6D-ADB2A7E343B7}.Release|.NET.ActiveCfg = Release|Any CPU
		{AAAD2099-9FE5-4A30-9B6D-ADB2A7E343B7}.Release|Any CPU.ActiveCfg = Release|Any CPU
		{AAAD2099-9FE5-4A30-9B6D-ADB2A7E343B7}.Release|Any CPU.Build.0 = Release|Any CPU
		{AAAD2099-9FE5-4A30-9B6D-ADB2A7E343B7}.Release|Mixed Platforms.ActiveCfg = Release|Any CPU
		{AAAD2099-9FE5-4A30-9B6D-ADB2A7E343B7}.Release|Mixed Platforms.Build.0 = Release|Any CPU
		{0F34BB0B-39A5-477C-9D68-AE76CFFF1239}.Debug|.NET.ActiveCfg = Debug|Any CPU
		{0F34BB0B-39A5-477C-9D68-AE76CFFF1239}.Debug|Any CPU.ActiveCfg = Debug|Any CPU
		{0F34BB0B-39A5-477C-9D68-AE76CFFF1239}.Debug|Any CPU.Build.0 = Debug|Any CPU
		{0F34BB0B-39A5-477C-9D68-AE76CFFF1239}.Debug|Mixed Platforms.ActiveCfg = Debug|Any CPU
		{0F34BB0B-39A5-477C-9D68-AE76CFFF1239}.Debug|Mixed Platforms.Build.0 = Debug|Any CPU
		{0F34BB0B-39A5-477C-9D68-AE76CFFF1239}.Release|.NET.ActiveCfg = Release|Any CPU
		{0F34BB0B-39A5-477C-9D68-AE76CFFF1239}.Release|Any CPU.ActiveCfg = Release|Any CPU
		{0F34BB0B-39A5-477C-9D68-AE76CFFF1239}.Release|Any CPU.Build.0 = Release|Any CPU
		{0F34BB0B-39A5-477C-9D68-AE76CFFF1239}.Release|Mixed Platforms.ActiveCfg = Release|Any CPU
		{0F34BB0B-39A5-477C-9D68-AE76CFFF1239}.Release|Mixed Platforms.Build.0 = Release|Any CPU
		{589AF0A6-221C-4C2A-BC84-7348FD59549C}.Debug|.NET.ActiveCfg = Debug
		{589AF0A6-221C-4C2A-BC84-7348FD59549C}.Debug|Any CPU.ActiveCfg = Debug
		{589AF0A6-221C-4C2A-BC84-7348FD59549C}.Debug|Mixed Platforms.ActiveCfg = Debug
		{589AF0A6-221C-4C2A-BC84-7348FD59549C}.Release|.NET.ActiveCfg = Release
		{589AF0A6-221C-4C2A-BC84-7348FD59549C}.Release|Any CPU.ActiveCfg = Release
		{589AF0A6-221C-4C2A-BC84-7348FD59549C}.Release|Mixed Platforms.ActiveCfg = Release
		{E97BAE1A-7D9A-4897-BC49-6513AA9EB091}.Debug|.NET.ActiveCfg = Debug|.NET
		{E97BAE1A-7D9A-4897-BC49-6513AA9EB091}.Debug|.NET.Build.0 = Debug|.NET
		{E97BAE1A-7D9A-4897-BC49-6513AA9EB091}.Debug|Any CPU.ActiveCfg = Debug|.NET
		{E97BAE1A-7D9A-4897-BC49-6513AA9EB091}.Debug|Mixed Platforms.ActiveCfg = Debug|.NET
		{E97BAE1A-7D9A-4897-BC49-6513AA9EB091}.Debug|Mixed Platforms.Build.0 = Debug|.NET
		{E97BAE1A-7D9A-4897-BC49-6513AA9EB091}.Release|.NET.ActiveCfg = Debug|.NET
		{E97BAE1A-7D9A-4897-BC49-6513AA9EB091}.Release|.NET.Build.0 = Debug|.NET
		{E97BAE1A-7D9A-4897-BC49-6513AA9EB091}.Release|Any CPU.ActiveCfg = Debug|.NET
		{E97BAE1A-7D9A-4897-BC49-6513AA9EB091}.Release|Mixed Platforms.ActiveCfg = Debug|.NET
		{E97BAE1A-7D9A-4897-BC49-6513AA9EB091}.Release|Mixed Platforms.Build.0 = Debug|.NET
		{D211E5D4-FC36-4A17-A7B6-8D85FA81B1D6}.Debug|.NET.ActiveCfg = Debug
		{D211E5D4-FC36-4A17-A7B6-8D85FA81B1D6}.Debug|Any CPU.ActiveCfg = Debug
		{D211E5D4-FC36-4A17-A7B6-8D85FA81B1D6}.Debug|Mixed Platforms.ActiveCfg = Debug
		{D211E5D4-FC36-4A17-A7B6-8D85FA81B1D6}.Release|.NET.ActiveCfg = Release
		{D211E5D4-FC36-4A17-A7B6-8D85FA81B1D6}.Release|Any CPU.ActiveCfg = Release
		{D211E5D4-FC36-4A17-A7B6-8D85FA81B1D6}.Release|Mixed Platforms.ActiveCfg = Release
		{0074BA50-F926-4EAD-802E-D4ADE106B975}.Debug|.NET.ActiveCfg = Debug|Any CPU
		{0074BA50-F926-4EAD-802E-D4ADE106B975}.Debug|Any CPU.ActiveCfg = Debug|Any CPU
		{0074BA50-F926-4EAD-802E-D4ADE106B975}.Debug|Any CPU.Build.0 = Debug|Any CPU
		{0074BA50-F926-4EAD-802E-D4ADE106B975}.Debug|Mixed Platforms.ActiveCfg = Debug|Any CPU
		{0074BA50-F926-4EAD-802E-D4ADE106B975}.Debug|Mixed Platforms.Build.0 = Debug|Any CPU
		{0074BA50-F926-4EAD-802E-D4ADE106B975}.Release|.NET.ActiveCfg = Release|Any CPU
		{0074BA50-F926-4EAD-802E-D4ADE106B975}.Release|Any CPU.ActiveCfg = Release|Any CPU
		{0074BA50-F926-4EAD-802E-D4ADE106B975}.Release|Any CPU.Build.0 = Release|Any CPU
		{0074BA50-F926-4EAD-802E-D4ADE106B975}.Release|Mixed Platforms.ActiveCfg = Release|Any CPU
		{0074BA50-F926-4EAD-802E-D4ADE106B975}.Release|Mixed Platforms.Build.0 = Release|Any CPU
	EndGlobalSection
	GlobalSection(SolutionProperties) = preSolution
		HideSolutionNode = FALSE
	EndGlobalSection
EndGlobal
