Microsoft Visual Studio Solution File, Format Version 8.00
Project("{FAE04EC0-301F-11D3-BF4B-00C04F79EFBC}") = "BusinessObjects", "BusinessObjects\BusinessObjects.csproj", "{6B10C452-21BE-463C-83EE-2367ED0A5113}"
	ProjectSection(ProjectDependencies) = postProject
	EndProjectSection
EndProject
Project("{FAE04EC0-301F-11D3-BF4B-00C04F79EFBC}") = "Common", "Common\Common.csproj", "{ABD39750-227A-44D2-9469-00B1308A31B9}"
	ProjectSection(ProjectDependencies) = postProject
	EndProjectSection
EndProject
Project("{FAE04EC0-301F-11D3-BF4B-00C04F79EFBC}") = "UI.Web", "http://localhost/FieldINformer2008/UI.Web/UI.Web.csproj", "{25997E31-C4D3-4D43-AF24-E8CA9831F180}"
	ProjectSection(ProjectDependencies) = postProject
	EndProjectSection
EndProject
Project("{FAE04EC0-301F-11D3-BF4B-00C04F79EFBC}") = "DevExpress.XtraCharts", "DevExpress\DevExpress.XtraCharts\DevExpress.XtraCharts.csproj", "{025EC89F-2D85-4A17-9975-9BB14CB14231}"
	ProjectSection(ProjectDependencies) = postProject
	EndProjectSection
EndProject
Project("{FAE04EC0-301F-11D3-BF4B-00C04F79EFBC}") = "DevExpress.XtraCharts.UI", "DevExpress\DevExpress.XtraCharts.UI\DevExpress.XtraCharts.UI.csproj", "{415336AE-589C-4EC0-9251-DF248066F5D7}"
	ProjectSection(ProjectDependencies) = postProject
	EndProjectSection
EndProject
Global
	GlobalSection(SolutionConfiguration) = preSolution
		Debug = Debug
		Release = Release
	EndGlobalSection
	GlobalSection(ProjectDependencies) = postSolution
	EndGlobalSection
	GlobalSection(ProjectConfiguration) = postSolution
		{6B10C452-21BE-463C-83EE-2367ED0A5113}.Debug.ActiveCfg = Debug|.NET
		{6B10C452-21BE-463C-83EE-2367ED0A5113}.Debug.Build.0 = Debug|.NET
		{6B10C452-21BE-463C-83EE-2367ED0A5113}.Release.ActiveCfg = Release|.NET
		{6B10C452-21BE-463C-83EE-2367ED0A5113}.Release.Build.0 = Release|.NET
		{ABD39750-227A-44D2-9469-00B1308A31B9}.Debug.ActiveCfg = Debug|.NET
		{ABD39750-227A-44D2-9469-00B1308A31B9}.Debug.Build.0 = Debug|.NET
		{ABD39750-227A-44D2-9469-00B1308A31B9}.Release.ActiveCfg = Release|.NET
		{ABD39750-227A-44D2-9469-00B1308A31B9}.Release.Build.0 = Release|.NET
		{25997E31-C4D3-4D43-AF24-E8CA9831F180}.Debug.ActiveCfg = Debug|.NET
		{25997E31-C4D3-4D43-AF24-E8CA9831F180}.Debug.Build.0 = Debug|.NET
		{25997E31-C4D3-4D43-AF24-E8CA9831F180}.Release.ActiveCfg = Release|.NET
		{25997E31-C4D3-4D43-AF24-E8CA9831F180}.Release.Build.0 = Release|.NET
		{025EC89F-2D85-4A17-9975-9BB14CB14231}.Debug.ActiveCfg = Debug|.NET
		{025EC89F-2D85-4A17-9975-9BB14CB14231}.Debug.Build.0 = Debug|.NET
		{025EC89F-2D85-4A17-9975-9BB14CB14231}.Release.ActiveCfg = Release|.NET
		{025EC89F-2D85-4A17-9975-9BB14CB14231}.Release.Build.0 = Release|.NET
		{415336AE-589C-4EC0-9251-DF248066F5D7}.Debug.ActiveCfg = Debug|.NET
		{415336AE-589C-4EC0-9251-DF248066F5D7}.Debug.Build.0 = Debug|.NET
		{415336AE-589C-4EC0-9251-DF248066F5D7}.Release.ActiveCfg = Release|.NET
		{415336AE-589C-4EC0-9251-DF248066F5D7}.Release.Build.0 = Release|.NET
	EndGlobalSection
	GlobalSection(ExtensibilityGlobals) = postSolution
	EndGlobalSection
	GlobalSection(ExtensibilityAddIns) = postSolution
	EndGlobalSection
EndGlobal
