
Microsoft Visual Studio Solution File, Format Version 9.00
# Visual Studio 2005
Project("{D2ABAB84-BF74-430A-B69E-9DC6D40DDA17}") = "eForceOLAP", "eForceOLAP.dwproj", "{39F20F96-708A-43CB-8735-F7C5DFEFC2D4}"
EndProject
Global
	GlobalSection(SolutionConfigurationPlatforms) = preSolution
		Development|Default = Development|Default
	EndGlobalSection
	GlobalSection(ProjectConfigurationPlatforms) = postSolution
		{39F20F96-708A-43CB-8735-F7C5DFEFC2D4}.Development|Default.ActiveCfg = Development
		{39F20F96-708A-43CB-8735-F7C5DFEFC2D4}.Development|Default.Build.0 = Development
		{39F20F96-708A-43CB-8735-F7C5DFEFC2D4}.Development|Default.Deploy.0 = Development
	EndGlobalSection
	GlobalSection(SolutionProperties) = preSolution
		HideSolutionNode = FALSE
	EndGlobalSection
EndGlobal
